Microsoft Visual Studio Solution File, Format Version 12.00
# Visual Studio Version 17
VisualStudioVersion = 17.14.35906.104 d17.14
MinimumVisualStudioVersion = 10.0.40219.1
Project("{FAE04EC0-301F-11D3-BF4B-00C04F79EFBC}") = "AzureDevOps.MCP.AppHost", "AzureDevOps.MCP.AppHost\AzureDevOps.MCP.AppHost.csproj", "{0A7BE86B-3231-47EA-B2C7-CABE080B3FE3}"
EndProject
Project("{FAE04EC0-301F-11D3-BF4B-00C04F79EFBC}") = "AzureDevOps.MCP.ServiceDefaults", "AzureDevOps.MCP.ServiceDefaults\AzureDevOps.MCP.ServiceDefaults.csproj", "{A29FE452-38F1-5EF0-6E85-90EE44B4021D}"
EndProject
Project("{FAE04EC0-301F-11D3-BF4B-00C04F79EFBC}") = "AzureDevOps.MCP.ApiService", "AzureDevOps.MCP.ApiService\AzureDevOps.MCP.ApiService.csproj", "{AAECC3B5-98CE-8183-BDCB-4329E3E4ABDF}"
EndProject
Project("{FAE04EC0-301F-11D3-BF4B-00C04F79EFBC}") = "AzureDevOps.MCP.Web", "AzureDevOps.MCP.Web\AzureDevOps.MCP.Web.csproj", "{87BCDF06-F14A-512E-0B43-197BCF2C840B}"
EndProject
Global
	GlobalSection(SolutionConfigurationPlatforms) = preSolution
		Debug|Any CPU = Debug|Any CPU
		Release|Any CPU = Release|Any CPU
	EndGlobalSection
	GlobalSection(ProjectConfigurationPlatforms) = postSolution
		{0A7BE86B-3231-47EA-B2C7-CABE080B3FE3}.Debug|Any CPU.ActiveCfg = Debug|Any CPU
		{0A7BE86B-3231-47EA-B2C7-CABE080B3FE3}.Debug|Any CPU.Build.0 = Debug|Any CPU
		{0A7BE86B-3231-47EA-B2C7-CABE080B3FE3}.Release|Any CPU.ActiveCfg = Release|Any CPU
		{0A7BE86B-3231-47EA-B2C7-CABE080B3FE3}.Release|Any CPU.Build.0 = Release|Any CPU
		{A29FE452-38F1-5EF0-6E85-90EE44B4021D}.Debug|Any CPU.ActiveCfg = Debug|Any CPU
		{A29FE452-38F1-5EF0-6E85-90EE44B4021D}.Debug|Any CPU.Build.0 = Debug|Any CPU
		{A29FE452-38F1-5EF0-6E85-90EE44B4021D}.Release|Any CPU.ActiveCfg = Release|Any CPU
		{A29FE452-38F1-5EF0-6E85-90EE44B4021D}.Release|Any CPU.Build.0 = Release|Any CPU
		{AAECC3B5-98CE-8183-BDCB-4329E3E4ABDF}.Debug|Any CPU.ActiveCfg = Debug|Any CPU
		{AAECC3B5-98CE-8183-BDCB-4329E3E4ABDF}.Debug|Any CPU.Build.0 = Debug|Any CPU
		{AAECC3B5-98CE-8183-BDCB-4329E3E4ABDF}.Release|Any CPU.ActiveCfg = Release|Any CPU
		{AAECC3B5-98CE-8183-BDCB-4329E3E4ABDF}.Release|Any CPU.Build.0 = Release|Any CPU
		{87BCDF06-F14A-512E-0B43-197BCF2C840B}.Debug|Any CPU.ActiveCfg = Debug|Any CPU
		{87BCDF06-F14A-512E-0B43-197BCF2C840B}.Debug|Any CPU.Build.0 = Debug|Any CPU
		{87BCDF06-F14A-512E-0B43-197BCF2C840B}.Release|Any CPU.ActiveCfg = Release|Any CPU
		{87BCDF06-F14A-512E-0B43-197BCF2C840B}.Release|Any CPU.Build.0 = Release|Any CPU
	EndGlobalSection
	GlobalSection(SolutionProperties) = preSolution
		HideSolutionNode = FALSE
	EndGlobalSection
	GlobalSection(ExtensibilityGlobals) = postSolution
		SolutionGuid = {82E784C1-65E4-4F08-93BF-EEAC5CC81C1E}
	EndGlobalSection
EndGlobal
